// !$*UTF8*$!
{
	archiveVersion = 1;
	classes = {
	};
	objectVersion = 46;
	objects = {

/* Begin PBXBuildFile section */
		6C263E721C28619000389124 /* MoodTests.swift in Sources */ = {isa = PBXBuildFile; fileRef = 6C263E711C28619000389124 /* MoodTests.swift */; };
		6C263E741C28625800389124 /* MoodStampTests.swift in Sources */ = {isa = PBXBuildFile; fileRef = 6C263E731C28625800389124 /* MoodStampTests.swift */; };
		6C263E761C29253700389124 /* DayTests.swift in Sources */ = {isa = PBXBuildFile; fileRef = 6C263E751C29253700389124 /* DayTests.swift */; };
		6C263E781C2957B400389124 /* MoodValue.swift in Sources */ = {isa = PBXBuildFile; fileRef = 6C263E771C2957B400389124 /* MoodValue.swift */; };
		6C263E7A1C2959FD00389124 /* DayStatistics.swift in Sources */ = {isa = PBXBuildFile; fileRef = 6C263E791C2959FD00389124 /* DayStatistics.swift */; };
		6C263E7C1C29606800389124 /* MoodStatisticsTests.swift in Sources */ = {isa = PBXBuildFile; fileRef = 6C263E7B1C29606800389124 /* MoodStatisticsTests.swift */; };
		6C263E981C298ABD00389124 /* Charts.h in Headers */ = {isa = PBXBuildFile; fileRef = 6C263E971C298ABD00389124 /* Charts.h */; settings = {ATTRIBUTES = (Public, ); }; };
		6C263E9C1C298ABD00389124 /* Charts.framework in Frameworks */ = {isa = PBXBuildFile; fileRef = 6C263E951C298ABD00389124 /* Charts.framework */; };
		6C263E9D1C298ABD00389124 /* Charts.framework in Embed Frameworks */ = {isa = PBXBuildFile; fileRef = 6C263E951C298ABD00389124 /* Charts.framework */; settings = {ATTRIBUTES = (CodeSignOnCopy, RemoveHeadersOnCopy, ); }; };
		6C263EA21C298AD100389124 /* TimeScaleView.swift in Sources */ = {isa = PBXBuildFile; fileRef = 6C263EA11C298AD100389124 /* TimeScaleView.swift */; };
		6C263EA41C298F3400389124 /* TimeScaleDataPoint.swift in Sources */ = {isa = PBXBuildFile; fileRef = 6C263EA31C298F3400389124 /* TimeScaleDataPoint.swift */; };
		6C263EA61C2A90D800389124 /* GeometryExtensions.swift in Sources */ = {isa = PBXBuildFile; fileRef = 6C263EA51C2A90D800389124 /* GeometryExtensions.swift */; };
		6C263EA81C2C1DF400389124 /* InterfaceBuilderSamples.swift in Sources */ = {isa = PBXBuildFile; fileRef = 6C263EA71C2C1DF400389124 /* InterfaceBuilderSamples.swift */; };
		6C263EAC1C2C213E00389124 /* DataController.swift in Sources */ = {isa = PBXBuildFile; fileRef = 6C263EAB1C2C213E00389124 /* DataController.swift */; };
		6C263EAE1C2C226C00389124 /* DayDate.swift in Sources */ = {isa = PBXBuildFile; fileRef = 6C263EAD1C2C226C00389124 /* DayDate.swift */; };
		6C370ED01D13DC96005C7F22 /* NotificationControllerType.swift in Sources */ = {isa = PBXBuildFile; fileRef = 6C370ECE1D13DAD2005C7F22 /* NotificationControllerType.swift */; };
		6C370ED11D13DE68005C7F22 /* UserNotificationController.swift in Sources */ = {isa = PBXBuildFile; fileRef = 6C370ECC1D13DA88005C7F22 /* UserNotificationController.swift */; };
		6C3E8A101C3094EE00F915ED /* Interpolation.swift in Sources */ = {isa = PBXBuildFile; fileRef = 6C3E8A0F1C3094EE00F915ED /* Interpolation.swift */; };
		6C41BC831C2ED36200244226 /* CollectionViewPageFlowLayout.swift in Sources */ = {isa = PBXBuildFile; fileRef = 6C41BC821C2ED36200244226 /* CollectionViewPageFlowLayout.swift */; };
		6C41BC851C2ED3C600244226 /* UIScrollViewAdditions.swift in Sources */ = {isa = PBXBuildFile; fileRef = 6C41BC841C2ED3C600244226 /* UIScrollViewAdditions.swift */; };
		6C5EB59B1C2E87AA00CD6530 /* TimeScaleCollectionCell.swift in Sources */ = {isa = PBXBuildFile; fileRef = 6C5EB59A1C2E87AA00CD6530 /* TimeScaleCollectionCell.swift */; };
		6C92883E1C3938C70053A373 /* DiskUtilities.swift in Sources */ = {isa = PBXBuildFile; fileRef = 6C92883D1C3938C70053A373 /* DiskUtilities.swift */; };
		6CB30E831D12E3DE00D48052 /* UserNotifications.framework in Frameworks */ = {isa = PBXBuildFile; fileRef = 6CB30E821D12E3DE00D48052 /* UserNotifications.framework */; };
		6CB30E851D12E3DE00D48052 /* UserNotificationsUI.framework in Frameworks */ = {isa = PBXBuildFile; fileRef = 6CB30E841D12E3DE00D48052 /* UserNotificationsUI.framework */; };
		6CB30E881D12E3DE00D48052 /* NotificationViewController.swift in Sources */ = {isa = PBXBuildFile; fileRef = 6CB30E871D12E3DE00D48052 /* NotificationViewController.swift */; };
		6CB30E8B1D12E3DE00D48052 /* MainInterface.storyboard in Resources */ = {isa = PBXBuildFile; fileRef = 6CB30E891D12E3DE00D48052 /* MainInterface.storyboard */; };
		6CB30E8F1D12E3DE00D48052 /* Notification.appex in Embed App Extensions */ = {isa = PBXBuildFile; fileRef = 6CB30E801D12E3DE00D48052 /* Notification.appex */; settings = {ATTRIBUTES = (RemoveHeadersOnCopy, ); }; };
		6CC650DB1C0DFD8100CD7FCC /* AppDelegate.swift in Sources */ = {isa = PBXBuildFile; fileRef = 6CC650DA1C0DFD8100CD7FCC /* AppDelegate.swift */; };
		6CC650DD1C0DFD8100CD7FCC /* MainViewController.swift in Sources */ = {isa = PBXBuildFile; fileRef = 6CC650DC1C0DFD8100CD7FCC /* MainViewController.swift */; };
		6CC650E01C0DFD8100CD7FCC /* Main.storyboard in Resources */ = {isa = PBXBuildFile; fileRef = 6CC650DE1C0DFD8100CD7FCC /* Main.storyboard */; };
		6CC650E21C0DFD8100CD7FCC /* Assets.xcassets in Resources */ = {isa = PBXBuildFile; fileRef = 6CC650E11C0DFD8100CD7FCC /* Assets.xcassets */; };
		6CC650E51C0DFD8100CD7FCC /* LaunchScreen.storyboard in Resources */ = {isa = PBXBuildFile; fileRef = 6CC650E31C0DFD8100CD7FCC /* LaunchScreen.storyboard */; };
		6CC650F01C0DFD8100CD7FCC /* MoodTrackerTests.swift in Sources */ = {isa = PBXBuildFile; fileRef = 6CC650EF1C0DFD8100CD7FCC /* MoodTrackerTests.swift */; };
		6CC651021C0DFDB000CD7FCC /* CoreMood.h in Headers */ = {isa = PBXBuildFile; fileRef = 6CC651011C0DFDB000CD7FCC /* CoreMood.h */; settings = {ATTRIBUTES = (Public, ); }; };
		6CC651091C0DFDB000CD7FCC /* CoreMood.framework in Frameworks */ = {isa = PBXBuildFile; fileRef = 6CC650FF1C0DFDB000CD7FCC /* CoreMood.framework */; };
		6CC651101C0DFDB000CD7FCC /* CoreMoodTests.swift in Sources */ = {isa = PBXBuildFile; fileRef = 6CC6510F1C0DFDB000CD7FCC /* CoreMoodTests.swift */; };
		6CC651141C0DFDB000CD7FCC /* CoreMood.framework in Frameworks */ = {isa = PBXBuildFile; fileRef = 6CC650FF1C0DFDB000CD7FCC /* CoreMood.framework */; };
		6CC651151C0DFDB000CD7FCC /* CoreMood.framework in Embed Frameworks */ = {isa = PBXBuildFile; fileRef = 6CC650FF1C0DFDB000CD7FCC /* CoreMood.framework */; settings = {ATTRIBUTES = (CodeSignOnCopy, RemoveHeadersOnCopy, ); }; };
		6CC6511E1C0DFDB800CD7FCC /* Mood.swift in Sources */ = {isa = PBXBuildFile; fileRef = 6CC6511D1C0DFDB800CD7FCC /* Mood.swift */; };
		6CC651201C0DFE4C00CD7FCC /* Day.swift in Sources */ = {isa = PBXBuildFile; fileRef = 6CC6511F1C0DFE4C00CD7FCC /* Day.swift */; };
		6CC651221C0DFE9200CD7FCC /* MoodStamp.swift in Sources */ = {isa = PBXBuildFile; fileRef = 6CC651211C0DFE9200CD7FCC /* MoodStamp.swift */; };
		6CCD6B841C313B250001CFEE /* AppConfiguration.swift in Sources */ = {isa = PBXBuildFile; fileRef = 6CCD6B831C313B250001CFEE /* AppConfiguration.swift */; };
		6CCD6B881C3177D00001CFEE /* UserDefaults.swift in Sources */ = {isa = PBXBuildFile; fileRef = 6CCD6B871C3177D00001CFEE /* UserDefaults.swift */; };
		6CCD6B891C317FED0001CFEE /* NotificationController.swift in Sources */ = {isa = PBXBuildFile; fileRef = 6CCD6B851C313CB50001CFEE /* NotificationController.swift */; };
		6CDF30E81C4388320020CB5F /* CollectionViewGridLayout.swift in Sources */ = {isa = PBXBuildFile; fileRef = 6CDF30E71C4388320020CB5F /* CollectionViewGridLayout.swift */; };
		6CE4876B1C2C5383001D9E6D /* DateTests.swift in Sources */ = {isa = PBXBuildFile; fileRef = 6CE4876A1C2C5383001D9E6D /* DateTests.swift */; };
		6CE4876F1C2D15B3001D9E6D /* DayChartExtensions.swift in Sources */ = {isa = PBXBuildFile; fileRef = 6CE4876E1C2D15B3001D9E6D /* DayChartExtensions.swift */; };
/* End PBXBuildFile section */

/* Begin PBXContainerItemProxy section */
		6C263E9A1C298ABD00389124 /* PBXContainerItemProxy */ = {
			isa = PBXContainerItemProxy;
			containerPortal = 6CC650CF1C0DFD8000CD7FCC /* Project object */;
			proxyType = 1;
			remoteGlobalIDString = 6C263E941C298ABD00389124;
			remoteInfo = Charts;
		};
		6CB30E8D1D12E3DE00D48052 /* PBXContainerItemProxy */ = {
			isa = PBXContainerItemProxy;
			containerPortal = 6CC650CF1C0DFD8000CD7FCC /* Project object */;
			proxyType = 1;
			remoteGlobalIDString = 6CB30E7F1D12E3DE00D48052;
			remoteInfo = Notification;
		};
		6CC650EC1C0DFD8100CD7FCC /* PBXContainerItemProxy */ = {
			isa = PBXContainerItemProxy;
			containerPortal = 6CC650CF1C0DFD8000CD7FCC /* Project object */;
			proxyType = 1;
			remoteGlobalIDString = 6CC650D61C0DFD8100CD7FCC;
			remoteInfo = MoodTracker;
		};
		6CC6510A1C0DFDB000CD7FCC /* PBXContainerItemProxy */ = {
			isa = PBXContainerItemProxy;
			containerPortal = 6CC650CF1C0DFD8000CD7FCC /* Project object */;
			proxyType = 1;
			remoteGlobalIDString = 6CC650FE1C0DFDB000CD7FCC;
			remoteInfo = CoreMood;
		};
		6CC6510C1C0DFDB000CD7FCC /* PBXContainerItemProxy */ = {
			isa = PBXContainerItemProxy;
			containerPortal = 6CC650CF1C0DFD8000CD7FCC /* Project object */;
			proxyType = 1;
			remoteGlobalIDString = 6CC650D61C0DFD8100CD7FCC;
			remoteInfo = MoodTracker;
		};
		6CC651121C0DFDB000CD7FCC /* PBXContainerItemProxy */ = {
			isa = PBXContainerItemProxy;
			containerPortal = 6CC650CF1C0DFD8000CD7FCC /* Project object */;
			proxyType = 1;
			remoteGlobalIDString = 6CC650FE1C0DFDB000CD7FCC;
			remoteInfo = CoreMood;
		};
/* End PBXContainerItemProxy section */

/* Begin PBXCopyFilesBuildPhase section */
		6CB30E931D12E3DF00D48052 /* Embed App Extensions */ = {
			isa = PBXCopyFilesBuildPhase;
			buildActionMask = 2147483647;
			dstPath = "";
			dstSubfolderSpec = 13;
			files = (
				6CB30E8F1D12E3DE00D48052 /* Notification.appex in Embed App Extensions */,
			);
			name = "Embed App Extensions";
			runOnlyForDeploymentPostprocessing = 0;
		};
		6CC651191C0DFDB000CD7FCC /* Embed Frameworks */ = {
			isa = PBXCopyFilesBuildPhase;
			buildActionMask = 2147483647;
			dstPath = "";
			dstSubfolderSpec = 10;
			files = (
				6CC651151C0DFDB000CD7FCC /* CoreMood.framework in Embed Frameworks */,
				6C263E9D1C298ABD00389124 /* Charts.framework in Embed Frameworks */,
			);
			name = "Embed Frameworks";
			runOnlyForDeploymentPostprocessing = 0;
		};
/* End PBXCopyFilesBuildPhase section */

/* Begin PBXFileReference section */
		6C1904F41C33D3BB0088EB5C /* MoodTracker.entitlements */ = {isa = PBXFileReference; lastKnownFileType = text.xml; path = MoodTracker.entitlements; sourceTree = "<group>"; };
		6C263E711C28619000389124 /* MoodTests.swift */ = {isa = PBXFileReference; fileEncoding = 4; lastKnownFileType = sourcecode.swift; path = MoodTests.swift; sourceTree = "<group>"; };
		6C263E731C28625800389124 /* MoodStampTests.swift */ = {isa = PBXFileReference; fileEncoding = 4; lastKnownFileType = sourcecode.swift; path = MoodStampTests.swift; sourceTree = "<group>"; };
		6C263E751C29253700389124 /* DayTests.swift */ = {isa = PBXFileReference; fileEncoding = 4; lastKnownFileType = sourcecode.swift; path = DayTests.swift; sourceTree = "<group>"; };
		6C263E771C2957B400389124 /* MoodValue.swift */ = {isa = PBXFileReference; fileEncoding = 4; lastKnownFileType = sourcecode.swift; path = MoodValue.swift; sourceTree = "<group>"; };
		6C263E791C2959FD00389124 /* DayStatistics.swift */ = {isa = PBXFileReference; fileEncoding = 4; lastKnownFileType = sourcecode.swift; path = DayStatistics.swift; sourceTree = "<group>"; };
		6C263E7B1C29606800389124 /* MoodStatisticsTests.swift */ = {isa = PBXFileReference; fileEncoding = 4; lastKnownFileType = sourcecode.swift; path = MoodStatisticsTests.swift; sourceTree = "<group>"; };
		6C263E951C298ABD00389124 /* Charts.framework */ = {isa = PBXFileReference; explicitFileType = wrapper.framework; includeInIndex = 0; path = Charts.framework; sourceTree = BUILT_PRODUCTS_DIR; };
		6C263E971C298ABD00389124 /* Charts.h */ = {isa = PBXFileReference; lastKnownFileType = sourcecode.c.h; path = Charts.h; sourceTree = "<group>"; };
		6C263E991C298ABD00389124 /* Info.plist */ = {isa = PBXFileReference; lastKnownFileType = text.plist.xml; path = Info.plist; sourceTree = "<group>"; };
		6C263EA11C298AD100389124 /* TimeScaleView.swift */ = {isa = PBXFileReference; fileEncoding = 4; lastKnownFileType = sourcecode.swift; path = TimeScaleView.swift; sourceTree = "<group>"; };
		6C263EA31C298F3400389124 /* TimeScaleDataPoint.swift */ = {isa = PBXFileReference; fileEncoding = 4; lastKnownFileType = sourcecode.swift; path = TimeScaleDataPoint.swift; sourceTree = "<group>"; };
		6C263EA51C2A90D800389124 /* GeometryExtensions.swift */ = {isa = PBXFileReference; fileEncoding = 4; lastKnownFileType = sourcecode.swift; path = GeometryExtensions.swift; sourceTree = "<group>"; };
		6C263EA71C2C1DF400389124 /* InterfaceBuilderSamples.swift */ = {isa = PBXFileReference; fileEncoding = 4; lastKnownFileType = sourcecode.swift; path = InterfaceBuilderSamples.swift; sourceTree = "<group>"; };
		6C263EAB1C2C213E00389124 /* DataController.swift */ = {isa = PBXFileReference; fileEncoding = 4; lastKnownFileType = sourcecode.swift; path = DataController.swift; sourceTree = "<group>"; };
		6C263EAD1C2C226C00389124 /* DayDate.swift */ = {isa = PBXFileReference; fileEncoding = 4; lastKnownFileType = sourcecode.swift; path = DayDate.swift; sourceTree = "<group>"; };
		6C370ECC1D13DA88005C7F22 /* UserNotificationController.swift */ = {isa = PBXFileReference; fileEncoding = 4; lastKnownFileType = sourcecode.swift; path = UserNotificationController.swift; sourceTree = "<group>"; };
		6C370ECE1D13DAD2005C7F22 /* NotificationControllerType.swift */ = {isa = PBXFileReference; fileEncoding = 4; lastKnownFileType = sourcecode.swift; path = NotificationControllerType.swift; sourceTree = "<group>"; };
		6C3E8A0F1C3094EE00F915ED /* Interpolation.swift */ = {isa = PBXFileReference; fileEncoding = 4; lastKnownFileType = sourcecode.swift; path = Interpolation.swift; sourceTree = "<group>"; wrapsLines = 0; };
		6C41BC821C2ED36200244226 /* CollectionViewPageFlowLayout.swift */ = {isa = PBXFileReference; fileEncoding = 4; lastKnownFileType = sourcecode.swift; path = CollectionViewPageFlowLayout.swift; sourceTree = "<group>"; };
		6C41BC841C2ED3C600244226 /* UIScrollViewAdditions.swift */ = {isa = PBXFileReference; fileEncoding = 4; lastKnownFileType = sourcecode.swift; path = UIScrollViewAdditions.swift; sourceTree = "<group>"; };
		6C5EB59A1C2E87AA00CD6530 /* TimeScaleCollectionCell.swift */ = {isa = PBXFileReference; fileEncoding = 4; lastKnownFileType = sourcecode.swift; path = TimeScaleCollectionCell.swift; sourceTree = "<group>"; };
		6C92883D1C3938C70053A373 /* DiskUtilities.swift */ = {isa = PBXFileReference; fileEncoding = 4; lastKnownFileType = sourcecode.swift; path = DiskUtilities.swift; sourceTree = "<group>"; };
		6CB30E801D12E3DE00D48052 /* Notification.appex */ = {isa = PBXFileReference; explicitFileType = "wrapper.app-extension"; includeInIndex = 0; path = Notification.appex; sourceTree = BUILT_PRODUCTS_DIR; };
		6CB30E821D12E3DE00D48052 /* UserNotifications.framework */ = {isa = PBXFileReference; lastKnownFileType = wrapper.framework; name = UserNotifications.framework; path = System/Library/Frameworks/UserNotifications.framework; sourceTree = SDKROOT; };
		6CB30E841D12E3DE00D48052 /* UserNotificationsUI.framework */ = {isa = PBXFileReference; lastKnownFileType = wrapper.framework; name = UserNotificationsUI.framework; path = System/Library/Frameworks/UserNotificationsUI.framework; sourceTree = SDKROOT; };
		6CB30E871D12E3DE00D48052 /* NotificationViewController.swift */ = {isa = PBXFileReference; lastKnownFileType = sourcecode.swift; path = NotificationViewController.swift; sourceTree = "<group>"; };
		6CB30E8A1D12E3DE00D48052 /* Base */ = {isa = PBXFileReference; lastKnownFileType = file.storyboard; name = Base; path = Base.lproj/MainInterface.storyboard; sourceTree = "<group>"; };
		6CB30E8C1D12E3DE00D48052 /* Info.plist */ = {isa = PBXFileReference; lastKnownFileType = text.plist.xml; path = Info.plist; sourceTree = "<group>"; };
		6CC650D71C0DFD8100CD7FCC /* MoodTracker.app */ = {isa = PBXFileReference; explicitFileType = wrapper.application; includeInIndex = 0; path = MoodTracker.app; sourceTree = BUILT_PRODUCTS_DIR; };
		6CC650DA1C0DFD8100CD7FCC /* AppDelegate.swift */ = {isa = PBXFileReference; lastKnownFileType = sourcecode.swift; path = AppDelegate.swift; sourceTree = "<group>"; };
		6CC650DC1C0DFD8100CD7FCC /* MainViewController.swift */ = {isa = PBXFileReference; lastKnownFileType = sourcecode.swift; path = MainViewController.swift; sourceTree = "<group>"; };
		6CC650DF1C0DFD8100CD7FCC /* Base */ = {isa = PBXFileReference; lastKnownFileType = file.storyboard; name = Base; path = Base.lproj/Main.storyboard; sourceTree = "<group>"; };
		6CC650E11C0DFD8100CD7FCC /* Assets.xcassets */ = {isa = PBXFileReference; lastKnownFileType = folder.assetcatalog; path = Assets.xcassets; sourceTree = "<group>"; };
		6CC650E41C0DFD8100CD7FCC /* Base */ = {isa = PBXFileReference; lastKnownFileType = file.storyboard; name = Base; path = Base.lproj/LaunchScreen.storyboard; sourceTree = "<group>"; };
		6CC650E61C0DFD8100CD7FCC /* Info.plist */ = {isa = PBXFileReference; lastKnownFileType = text.plist.xml; path = Info.plist; sourceTree = "<group>"; };
		6CC650EB1C0DFD8100CD7FCC /* MoodTrackerTests.xctest */ = {isa = PBXFileReference; explicitFileType = wrapper.cfbundle; includeInIndex = 0; path = MoodTrackerTests.xctest; sourceTree = BUILT_PRODUCTS_DIR; };
		6CC650EF1C0DFD8100CD7FCC /* MoodTrackerTests.swift */ = {isa = PBXFileReference; lastKnownFileType = sourcecode.swift; path = MoodTrackerTests.swift; sourceTree = "<group>"; };
		6CC650F11C0DFD8100CD7FCC /* Info.plist */ = {isa = PBXFileReference; lastKnownFileType = text.plist.xml; path = Info.plist; sourceTree = "<group>"; };
		6CC650FF1C0DFDB000CD7FCC /* CoreMood.framework */ = {isa = PBXFileReference; explicitFileType = wrapper.framework; includeInIndex = 0; path = CoreMood.framework; sourceTree = BUILT_PRODUCTS_DIR; };
		6CC651011C0DFDB000CD7FCC /* CoreMood.h */ = {isa = PBXFileReference; lastKnownFileType = sourcecode.c.h; path = CoreMood.h; sourceTree = "<group>"; };
		6CC651031C0DFDB000CD7FCC /* Info.plist */ = {isa = PBXFileReference; lastKnownFileType = text.plist.xml; path = Info.plist; sourceTree = "<group>"; };
		6CC651081C0DFDB000CD7FCC /* CoreMoodTests.xctest */ = {isa = PBXFileReference; explicitFileType = wrapper.cfbundle; includeInIndex = 0; path = CoreMoodTests.xctest; sourceTree = BUILT_PRODUCTS_DIR; };
		6CC6510F1C0DFDB000CD7FCC /* CoreMoodTests.swift */ = {isa = PBXFileReference; lastKnownFileType = sourcecode.swift; path = CoreMoodTests.swift; sourceTree = "<group>"; };
		6CC651111C0DFDB000CD7FCC /* Info.plist */ = {isa = PBXFileReference; lastKnownFileType = text.plist.xml; path = Info.plist; sourceTree = "<group>"; };
		6CC6511D1C0DFDB800CD7FCC /* Mood.swift */ = {isa = PBXFileReference; fileEncoding = 4; lastKnownFileType = sourcecode.swift; path = Mood.swift; sourceTree = "<group>"; };
		6CC6511F1C0DFE4C00CD7FCC /* Day.swift */ = {isa = PBXFileReference; fileEncoding = 4; lastKnownFileType = sourcecode.swift; path = Day.swift; sourceTree = "<group>"; };
		6CC651211C0DFE9200CD7FCC /* MoodStamp.swift */ = {isa = PBXFileReference; fileEncoding = 4; lastKnownFileType = sourcecode.swift; path = MoodStamp.swift; sourceTree = "<group>"; };
		6CCD6B831C313B250001CFEE /* AppConfiguration.swift */ = {isa = PBXFileReference; fileEncoding = 4; lastKnownFileType = sourcecode.swift; path = AppConfiguration.swift; sourceTree = "<group>"; };
		6CCD6B851C313CB50001CFEE /* NotificationController.swift */ = {isa = PBXFileReference; fileEncoding = 4; lastKnownFileType = sourcecode.swift; path = NotificationController.swift; sourceTree = "<group>"; };
		6CCD6B871C3177D00001CFEE /* UserDefaults.swift */ = {isa = PBXFileReference; fileEncoding = 4; lastKnownFileType = sourcecode.swift; path = UserDefaults.swift; sourceTree = "<group>"; };
		6CDF30E71C4388320020CB5F /* CollectionViewGridLayout.swift */ = {isa = PBXFileReference; fileEncoding = 4; lastKnownFileType = sourcecode.swift; path = CollectionViewGridLayout.swift; sourceTree = "<group>"; };
		6CE4876A1C2C5383001D9E6D /* DateTests.swift */ = {isa = PBXFileReference; fileEncoding = 4; lastKnownFileType = sourcecode.swift; path = DateTests.swift; sourceTree = "<group>"; };
		6CE4876E1C2D15B3001D9E6D /* DayChartExtensions.swift */ = {isa = PBXFileReference; fileEncoding = 4; lastKnownFileType = sourcecode.swift; path = DayChartExtensions.swift; sourceTree = "<group>"; };
/* End PBXFileReference section */

/* Begin PBXFrameworksBuildPhase section */
		6C263E911C298ABD00389124 /* Frameworks */ = {
			isa = PBXFrameworksBuildPhase;
			buildActionMask = 2147483647;
			files = (
			);
			runOnlyForDeploymentPostprocessing = 0;
		};
		6CB30E7D1D12E3DE00D48052 /* Frameworks */ = {
			isa = PBXFrameworksBuildPhase;
			buildActionMask = 2147483647;
			files = (
				6CB30E851D12E3DE00D48052 /* UserNotificationsUI.framework in Frameworks */,
				6CB30E831D12E3DE00D48052 /* UserNotifications.framework in Frameworks */,
			);
			runOnlyForDeploymentPostprocessing = 0;
		};
		6CC650D41C0DFD8100CD7FCC /* Frameworks */ = {
			isa = PBXFrameworksBuildPhase;
			buildActionMask = 2147483647;
			files = (
				6CC651141C0DFDB000CD7FCC /* CoreMood.framework in Frameworks */,
				6C263E9C1C298ABD00389124 /* Charts.framework in Frameworks */,
			);
			runOnlyForDeploymentPostprocessing = 0;
		};
		6CC650E81C0DFD8100CD7FCC /* Frameworks */ = {
			isa = PBXFrameworksBuildPhase;
			buildActionMask = 2147483647;
			files = (
			);
			runOnlyForDeploymentPostprocessing = 0;
		};
		6CC650FB1C0DFDB000CD7FCC /* Frameworks */ = {
			isa = PBXFrameworksBuildPhase;
			buildActionMask = 2147483647;
			files = (
			);
			runOnlyForDeploymentPostprocessing = 0;
		};
		6CC651051C0DFDB000CD7FCC /* Frameworks */ = {
			isa = PBXFrameworksBuildPhase;
			buildActionMask = 2147483647;
			files = (
				6CC651091C0DFDB000CD7FCC /* CoreMood.framework in Frameworks */,
			);
			runOnlyForDeploymentPostprocessing = 0;
		};
/* End PBXFrameworksBuildPhase section */

/* Begin PBXGroup section */
		6C1904F51C33D4D30088EB5C /* Model */ = {
			isa = PBXGroup;
			children = (
				6CC6511D1C0DFDB800CD7FCC /* Mood.swift */,
				6CC651211C0DFE9200CD7FCC /* MoodStamp.swift */,
				6CC6511F1C0DFE4C00CD7FCC /* Day.swift */,
				6C263E771C2957B400389124 /* MoodValue.swift */,
				6C263E791C2959FD00389124 /* DayStatistics.swift */,
				6C263EAD1C2C226C00389124 /* DayDate.swift */,
			);
			name = Model;
			sourceTree = "<group>";
		};
		6C1904F61C33D4D90088EB5C /* Utility */ = {
			isa = PBXGroup;
			children = (
				6CCD6B831C313B250001CFEE /* AppConfiguration.swift */,
				6CCD6B871C3177D00001CFEE /* UserDefaults.swift */,
			);
			name = Utility;
			sourceTree = "<group>";
		};
		6C263E961C298ABD00389124 /* Charts */ = {
			isa = PBXGroup;
			children = (
				6C263E971C298ABD00389124 /* Charts.h */,
				6C263E991C298ABD00389124 /* Info.plist */,
				6C263EA11C298AD100389124 /* TimeScaleView.swift */,
				6C263EA31C298F3400389124 /* TimeScaleDataPoint.swift */,
				6C263EA51C2A90D800389124 /* GeometryExtensions.swift */,
				6C263EA71C2C1DF400389124 /* InterfaceBuilderSamples.swift */,
			);
			path = Charts;
			sourceTree = "<group>";
		};
		6CB30E811D12E3DE00D48052 /* Frameworks */ = {
			isa = PBXGroup;
			children = (
				6CB30E821D12E3DE00D48052 /* UserNotifications.framework */,
				6CB30E841D12E3DE00D48052 /* UserNotificationsUI.framework */,
			);
			name = Frameworks;
			sourceTree = "<group>";
		};
		6CB30E861D12E3DE00D48052 /* Notification */ = {
			isa = PBXGroup;
			children = (
				6CB30E871D12E3DE00D48052 /* NotificationViewController.swift */,
				6CB30E891D12E3DE00D48052 /* MainInterface.storyboard */,
				6CB30E8C1D12E3DE00D48052 /* Info.plist */,
			);
			path = Notification;
			sourceTree = "<group>";
		};
		6CC650CE1C0DFD8000CD7FCC = {
			isa = PBXGroup;
			children = (
				6CC650D91C0DFD8100CD7FCC /* MoodTracker */,
				6CC650EE1C0DFD8100CD7FCC /* MoodTrackerTests */,
				6CC651001C0DFDB000CD7FCC /* CoreMood */,
				6CC6510E1C0DFDB000CD7FCC /* CoreMoodTests */,
				6C263E961C298ABD00389124 /* Charts */,
				6CB30E861D12E3DE00D48052 /* Notification */,
				6CB30E811D12E3DE00D48052 /* Frameworks */,
				6CC650D81C0DFD8100CD7FCC /* Products */,
			);
			sourceTree = "<group>";
		};
		6CC650D81C0DFD8100CD7FCC /* Products */ = {
			isa = PBXGroup;
			children = (
				6CC650D71C0DFD8100CD7FCC /* MoodTracker.app */,
				6CC650EB1C0DFD8100CD7FCC /* MoodTrackerTests.xctest */,
				6CC650FF1C0DFDB000CD7FCC /* CoreMood.framework */,
				6CC651081C0DFDB000CD7FCC /* CoreMoodTests.xctest */,
				6C263E951C298ABD00389124 /* Charts.framework */,
				6CB30E801D12E3DE00D48052 /* Notification.appex */,
			);
			name = Products;
			sourceTree = "<group>";
		};
		6CC650D91C0DFD8100CD7FCC /* MoodTracker */ = {
			isa = PBXGroup;
			children = (
				6C1904F41C33D3BB0088EB5C /* MoodTracker.entitlements */,
				6CE4876D1C2D159F001D9E6D /* ViewModel */,
				6CC650DA1C0DFD8100CD7FCC /* AppDelegate.swift */,
				6CC650DC1C0DFD8100CD7FCC /* MainViewController.swift */,
				6C41BC821C2ED36200244226 /* CollectionViewPageFlowLayout.swift */,
				6CDF30E71C4388320020CB5F /* CollectionViewGridLayout.swift */,
				6C41BC841C2ED3C600244226 /* UIScrollViewAdditions.swift */,
				6C5EB59A1C2E87AA00CD6530 /* TimeScaleCollectionCell.swift */,
				6CC650DE1C0DFD8100CD7FCC /* Main.storyboard */,
				6CC650E11C0DFD8100CD7FCC /* Assets.xcassets */,
				6CC650E31C0DFD8100CD7FCC /* LaunchScreen.storyboard */,
				6CC650E61C0DFD8100CD7FCC /* Info.plist */,
			);
			path = MoodTracker;
			sourceTree = "<group>";
		};
		6CC650EE1C0DFD8100CD7FCC /* MoodTrackerTests */ = {
			isa = PBXGroup;
			children = (
				6CC650EF1C0DFD8100CD7FCC /* MoodTrackerTests.swift */,
				6CC650F11C0DFD8100CD7FCC /* Info.plist */,
			);
			path = MoodTrackerTests;
			sourceTree = "<group>";
		};
		6CC651001C0DFDB000CD7FCC /* CoreMood */ = {
			isa = PBXGroup;
			children = (
				6CC651011C0DFDB000CD7FCC /* CoreMood.h */,
				6CC651031C0DFDB000CD7FCC /* Info.plist */,
				6C1904F51C33D4D30088EB5C /* Model */,
				6C1904F61C33D4D90088EB5C /* Utility */,
				6CE4876C1C2D0D5F001D9E6D /* Controller */,
			);
			path = CoreMood;
			sourceTree = "<group>";
		};
		6CC6510E1C0DFDB000CD7FCC /* CoreMoodTests */ = {
			isa = PBXGroup;
			children = (
				6CC6510F1C0DFDB000CD7FCC /* CoreMoodTests.swift */,
				6C263E711C28619000389124 /* MoodTests.swift */,
				6C263E731C28625800389124 /* MoodStampTests.swift */,
				6CE4876A1C2C5383001D9E6D /* DateTests.swift */,
				6C263E751C29253700389124 /* DayTests.swift */,
				6C263E7B1C29606800389124 /* MoodStatisticsTests.swift */,
				6CC651111C0DFDB000CD7FCC /* Info.plist */,
			);
			path = CoreMoodTests;
			sourceTree = "<group>";
		};
		6CE4876C1C2D0D5F001D9E6D /* Controller */ = {
			isa = PBXGroup;
			children = (
				6C263EAB1C2C213E00389124 /* DataController.swift */,
				6C92883D1C3938C70053A373 /* DiskUtilities.swift */,
				6CCD6B851C313CB50001CFEE /* NotificationController.swift */,
				6C370ECC1D13DA88005C7F22 /* UserNotificationController.swift */,
				6C370ECE1D13DAD2005C7F22 /* NotificationControllerType.swift */,
			);
			name = Controller;
			sourceTree = "<group>";
		};
		6CE4876D1C2D159F001D9E6D /* ViewModel */ = {
			isa = PBXGroup;
			children = (
				6CE4876E1C2D15B3001D9E6D /* DayChartExtensions.swift */,
				6C3E8A0F1C3094EE00F915ED /* Interpolation.swift */,
			);
			name = ViewModel;
			sourceTree = "<group>";
		};
/* End PBXGroup section */

/* Begin PBXHeadersBuildPhase section */
		6C263E921C298ABD00389124 /* Headers */ = {
			isa = PBXHeadersBuildPhase;
			buildActionMask = 2147483647;
			files = (
				6C263E981C298ABD00389124 /* Charts.h in Headers */,
			);
			runOnlyForDeploymentPostprocessing = 0;
		};
		6CC650FC1C0DFDB000CD7FCC /* Headers */ = {
			isa = PBXHeadersBuildPhase;
			buildActionMask = 2147483647;
			files = (
				6CC651021C0DFDB000CD7FCC /* CoreMood.h in Headers */,
			);
			runOnlyForDeploymentPostprocessing = 0;
		};
/* End PBXHeadersBuildPhase section */

/* Begin PBXNativeTarget section */
		6C263E941C298ABD00389124 /* Charts */ = {
			isa = PBXNativeTarget;
			buildConfigurationList = 6C263EA01C298ABD00389124 /* Build configuration list for PBXNativeTarget "Charts" */;
			buildPhases = (
				6C263E901C298ABD00389124 /* Sources */,
				6C263E911C298ABD00389124 /* Frameworks */,
				6C263E921C298ABD00389124 /* Headers */,
				6C263E931C298ABD00389124 /* Resources */,
			);
			buildRules = (
			);
			dependencies = (
			);
			name = Charts;
			productName = Charts;
			productReference = 6C263E951C298ABD00389124 /* Charts.framework */;
			productType = "com.apple.product-type.framework";
		};
		6CB30E7F1D12E3DE00D48052 /* Notification */ = {
			isa = PBXNativeTarget;
			buildConfigurationList = 6CB30E921D12E3DF00D48052 /* Build configuration list for PBXNativeTarget "Notification" */;
			buildPhases = (
				6CB30E7C1D12E3DE00D48052 /* Sources */,
				6CB30E7D1D12E3DE00D48052 /* Frameworks */,
				6CB30E7E1D12E3DE00D48052 /* Resources */,
			);
			buildRules = (
			);
			dependencies = (
			);
			name = Notification;
			productName = Notification;
			productReference = 6CB30E801D12E3DE00D48052 /* Notification.appex */;
			productType = "com.apple.product-type.app-extension";
		};
		6CC650D61C0DFD8100CD7FCC /* MoodTracker */ = {
			isa = PBXNativeTarget;
			buildConfigurationList = 6CC650F41C0DFD8100CD7FCC /* Build configuration list for PBXNativeTarget "MoodTracker" */;
			buildPhases = (
				6CC650D31C0DFD8100CD7FCC /* Sources */,
				6CC650D41C0DFD8100CD7FCC /* Frameworks */,
				6CC650D51C0DFD8100CD7FCC /* Resources */,
				6CC651191C0DFDB000CD7FCC /* Embed Frameworks */,
				6CB30E931D12E3DF00D48052 /* Embed App Extensions */,
			);
			buildRules = (
			);
			dependencies = (
				6CC651131C0DFDB000CD7FCC /* PBXTargetDependency */,
				6C263E9B1C298ABD00389124 /* PBXTargetDependency */,
				6CB30E8E1D12E3DE00D48052 /* PBXTargetDependency */,
			);
			name = MoodTracker;
			productName = MoodTracker;
			productReference = 6CC650D71C0DFD8100CD7FCC /* MoodTracker.app */;
			productType = "com.apple.product-type.application";
		};
		6CC650EA1C0DFD8100CD7FCC /* MoodTrackerTests */ = {
			isa = PBXNativeTarget;
			buildConfigurationList = 6CC650F71C0DFD8100CD7FCC /* Build configuration list for PBXNativeTarget "MoodTrackerTests" */;
			buildPhases = (
				6CC650E71C0DFD8100CD7FCC /* Sources */,
				6CC650E81C0DFD8100CD7FCC /* Frameworks */,
				6CC650E91C0DFD8100CD7FCC /* Resources */,
			);
			buildRules = (
			);
			dependencies = (
				6CC650ED1C0DFD8100CD7FCC /* PBXTargetDependency */,
			);
			name = MoodTrackerTests;
			productName = MoodTrackerTests;
			productReference = 6CC650EB1C0DFD8100CD7FCC /* MoodTrackerTests.xctest */;
			productType = "com.apple.product-type.bundle.unit-test";
		};
		6CC650FE1C0DFDB000CD7FCC /* CoreMood */ = {
			isa = PBXNativeTarget;
			buildConfigurationList = 6CC651161C0DFDB000CD7FCC /* Build configuration list for PBXNativeTarget "CoreMood" */;
			buildPhases = (
				6CC650FA1C0DFDB000CD7FCC /* Sources */,
				6CC650FB1C0DFDB000CD7FCC /* Frameworks */,
				6CC650FC1C0DFDB000CD7FCC /* Headers */,
				6CC650FD1C0DFDB000CD7FCC /* Resources */,
			);
			buildRules = (
			);
			dependencies = (
			);
			name = CoreMood;
			productName = CoreMood;
			productReference = 6CC650FF1C0DFDB000CD7FCC /* CoreMood.framework */;
			productType = "com.apple.product-type.framework";
		};
		6CC651071C0DFDB000CD7FCC /* CoreMoodTests */ = {
			isa = PBXNativeTarget;
			buildConfigurationList = 6CC6511A1C0DFDB000CD7FCC /* Build configuration list for PBXNativeTarget "CoreMoodTests" */;
			buildPhases = (
				6CC651041C0DFDB000CD7FCC /* Sources */,
				6CC651051C0DFDB000CD7FCC /* Frameworks */,
				6CC651061C0DFDB000CD7FCC /* Resources */,
			);
			buildRules = (
			);
			dependencies = (
				6CC6510B1C0DFDB000CD7FCC /* PBXTargetDependency */,
				6CC6510D1C0DFDB000CD7FCC /* PBXTargetDependency */,
			);
			name = CoreMoodTests;
			productName = CoreMoodTests;
			productReference = 6CC651081C0DFDB000CD7FCC /* CoreMoodTests.xctest */;
			productType = "com.apple.product-type.bundle.unit-test";
		};
/* End PBXNativeTarget section */

/* Begin PBXProject section */
		6CC650CF1C0DFD8000CD7FCC /* Project object */ = {
			isa = PBXProject;
			attributes = {
				LastSwiftUpdateCheck = 0800;
				LastUpgradeCheck = 0800;
				ORGANIZATIONNAME = Brokoli;
				TargetAttributes = {
					6C263E941C298ABD00389124 = {
						CreatedOnToolsVersion = 7.2;
						DevelopmentTeam = G4659FZU4K;
						DevelopmentTeamName = "Brokoli Yazilim Ltd. Sti.";
						LastSwiftMigration = 0800;
					};
					6CB30E7F1D12E3DE00D48052 = {
						CreatedOnToolsVersion = 8.0;
						DevelopmentTeam = G4659FZU4K;
						DevelopmentTeamName = "Brokoli Yazilim Ltd. Sti.";
						ProvisioningStyle = Automatic;
					};
					6CC650D61C0DFD8100CD7FCC = {
						CreatedOnToolsVersion = 7.1.1;
						DevelopmentTeam = G4659FZU4K;
						DevelopmentTeamName = "Brokoli Yazilim Ltd. Sti.";
						LastSwiftMigration = 0800;
						ProvisioningStyle = Automatic;
						SystemCapabilities = {
							com.apple.ApplicationGroups.iOS = {
								enabled = 1;
							};
						};
					};
					6CC650EA1C0DFD8100CD7FCC = {
						CreatedOnToolsVersion = 7.1.1;
						LastSwiftMigration = 0800;
						TestTargetID = 6CC650D61C0DFD8100CD7FCC;
					};
					6CC650FE1C0DFDB000CD7FCC = {
						CreatedOnToolsVersion = 7.1.1;
						DevelopmentTeam = G4659FZU4K;
						DevelopmentTeamName = "Brokoli Yazilim Ltd. Sti.";
						LastSwiftMigration = 0800;
					};
					6CC651071C0DFDB000CD7FCC = {
						CreatedOnToolsVersion = 7.1.1;
						LastSwiftMigration = 0800;
						TestTargetID = 6CC650D61C0DFD8100CD7FCC;
					};
				};
			};
			buildConfigurationList = 6CC650D21C0DFD8000CD7FCC /* Build configuration list for PBXProject "MoodTracker" */;
			compatibilityVersion = "Xcode 3.2";
			developmentRegion = English;
			hasScannedForEncodings = 0;
			knownRegions = (
				en,
				Base,
			);
			mainGroup = 6CC650CE1C0DFD8000CD7FCC;
			productRefGroup = 6CC650D81C0DFD8100CD7FCC /* Products */;
			projectDirPath = "";
			projectRoot = "";
			targets = (
				6CC650D61C0DFD8100CD7FCC /* MoodTracker */,
				6CC650EA1C0DFD8100CD7FCC /* MoodTrackerTests */,
				6CC650FE1C0DFDB000CD7FCC /* CoreMood */,
				6CC651071C0DFDB000CD7FCC /* CoreMoodTests */,
				6C263E941C298ABD00389124 /* Charts */,
				6CB30E7F1D12E3DE00D48052 /* Notification */,
			);
		};
/* End PBXProject section */

/* Begin PBXResourcesBuildPhase section */
		6C263E931C298ABD00389124 /* Resources */ = {
			isa = PBXResourcesBuildPhase;
			buildActionMask = 2147483647;
			files = (
			);
			runOnlyForDeploymentPostprocessing = 0;
		};
		6CB30E7E1D12E3DE00D48052 /* Resources */ = {
			isa = PBXResourcesBuildPhase;
			buildActionMask = 2147483647;
			files = (
				6CB30E8B1D12E3DE00D48052 /* MainInterface.storyboard in Resources */,
			);
			runOnlyForDeploymentPostprocessing = 0;
		};
		6CC650D51C0DFD8100CD7FCC /* Resources */ = {
			isa = PBXResourcesBuildPhase;
			buildActionMask = 2147483647;
			files = (
				6CC650E51C0DFD8100CD7FCC /* LaunchScreen.storyboard in Resources */,
				6CC650E21C0DFD8100CD7FCC /* Assets.xcassets in Resources */,
				6CC650E01C0DFD8100CD7FCC /* Main.storyboard in Resources */,
			);
			runOnlyForDeploymentPostprocessing = 0;
		};
		6CC650E91C0DFD8100CD7FCC /* Resources */ = {
			isa = PBXResourcesBuildPhase;
			buildActionMask = 2147483647;
			files = (
			);
			runOnlyForDeploymentPostprocessing = 0;
		};
		6CC650FD1C0DFDB000CD7FCC /* Resources */ = {
			isa = PBXResourcesBuildPhase;
			buildActionMask = 2147483647;
			files = (
			);
			runOnlyForDeploymentPostprocessing = 0;
		};
		6CC651061C0DFDB000CD7FCC /* Resources */ = {
			isa = PBXResourcesBuildPhase;
			buildActionMask = 2147483647;
			files = (
			);
			runOnlyForDeploymentPostprocessing = 0;
		};
/* End PBXResourcesBuildPhase section */

/* Begin PBXSourcesBuildPhase section */
		6C263E901C298ABD00389124 /* Sources */ = {
			isa = PBXSourcesBuildPhase;
			buildActionMask = 2147483647;
			files = (
				6C263EA41C298F3400389124 /* TimeScaleDataPoint.swift in Sources */,
				6C263EA81C2C1DF400389124 /* InterfaceBuilderSamples.swift in Sources */,
				6C263EA21C298AD100389124 /* TimeScaleView.swift in Sources */,
				6C263EA61C2A90D800389124 /* GeometryExtensions.swift in Sources */,
			);
			runOnlyForDeploymentPostprocessing = 0;
		};
		6CB30E7C1D12E3DE00D48052 /* Sources */ = {
			isa = PBXSourcesBuildPhase;
			buildActionMask = 2147483647;
			files = (
				6CB30E881D12E3DE00D48052 /* NotificationViewController.swift in Sources */,
			);
			runOnlyForDeploymentPostprocessing = 0;
		};
		6CC650D31C0DFD8100CD7FCC /* Sources */ = {
			isa = PBXSourcesBuildPhase;
			buildActionMask = 2147483647;
			files = (
				6C41BC831C2ED36200244226 /* CollectionViewPageFlowLayout.swift in Sources */,
				6CC650DD1C0DFD8100CD7FCC /* MainViewController.swift in Sources */,
				6CDF30E81C4388320020CB5F /* CollectionViewGridLayout.swift in Sources */,
				6CCD6B891C317FED0001CFEE /* NotificationController.swift in Sources */,
				6CC650DB1C0DFD8100CD7FCC /* AppDelegate.swift in Sources */,
				6CE4876F1C2D15B3001D9E6D /* DayChartExtensions.swift in Sources */,
				6C5EB59B1C2E87AA00CD6530 /* TimeScaleCollectionCell.swift in Sources */,
				6C370ED11D13DE68005C7F22 /* UserNotificationController.swift in Sources */,
				6C41BC851C2ED3C600244226 /* UIScrollViewAdditions.swift in Sources */,
				6C370ED01D13DC96005C7F22 /* NotificationControllerType.swift in Sources */,
				6C3E8A101C3094EE00F915ED /* Interpolation.swift in Sources */,
			);
			runOnlyForDeploymentPostprocessing = 0;
		};
		6CC650E71C0DFD8100CD7FCC /* Sources */ = {
			isa = PBXSourcesBuildPhase;
			buildActionMask = 2147483647;
			files = (
				6CC650F01C0DFD8100CD7FCC /* MoodTrackerTests.swift in Sources */,
			);
			runOnlyForDeploymentPostprocessing = 0;
		};
		6CC650FA1C0DFDB000CD7FCC /* Sources */ = {
			isa = PBXSourcesBuildPhase;
			buildActionMask = 2147483647;
			files = (
				6C263E781C2957B400389124 /* MoodValue.swift in Sources */,
				6C92883E1C3938C70053A373 /* DiskUtilities.swift in Sources */,
				6C263EAC1C2C213E00389124 /* DataController.swift in Sources */,
				6CCD6B841C313B250001CFEE /* AppConfiguration.swift in Sources */,
				6CC651201C0DFE4C00CD7FCC /* Day.swift in Sources */,
				6C263EAE1C2C226C00389124 /* DayDate.swift in Sources */,
				6C263E7A1C2959FD00389124 /* DayStatistics.swift in Sources */,
				6CCD6B881C3177D00001CFEE /* UserDefaults.swift in Sources */,
				6CC651221C0DFE9200CD7FCC /* MoodStamp.swift in Sources */,
				6CC6511E1C0DFDB800CD7FCC /* Mood.swift in Sources */,
			);
			runOnlyForDeploymentPostprocessing = 0;
		};
		6CC651041C0DFDB000CD7FCC /* Sources */ = {
			isa = PBXSourcesBuildPhase;
			buildActionMask = 2147483647;
			files = (
				6C263E721C28619000389124 /* MoodTests.swift in Sources */,
				6CE4876B1C2C5383001D9E6D /* DateTests.swift in Sources */,
				6C263E741C28625800389124 /* MoodStampTests.swift in Sources */,
				6C263E7C1C29606800389124 /* MoodStatisticsTests.swift in Sources */,
				6C263E761C29253700389124 /* DayTests.swift in Sources */,
				6CC651101C0DFDB000CD7FCC /* CoreMoodTests.swift in Sources */,
			);
			runOnlyForDeploymentPostprocessing = 0;
		};
/* End PBXSourcesBuildPhase section */

/* Begin PBXTargetDependency section */
		6C263E9B1C298ABD00389124 /* PBXTargetDependency */ = {
			isa = PBXTargetDependency;
			target = 6C263E941C298ABD00389124 /* Charts */;
			targetProxy = 6C263E9A1C298ABD00389124 /* PBXContainerItemProxy */;
		};
		6CB30E8E1D12E3DE00D48052 /* PBXTargetDependency */ = {
			isa = PBXTargetDependency;
			target = 6CB30E7F1D12E3DE00D48052 /* Notification */;
			targetProxy = 6CB30E8D1D12E3DE00D48052 /* PBXContainerItemProxy */;
		};
		6CC650ED1C0DFD8100CD7FCC /* PBXTargetDependency */ = {
			isa = PBXTargetDependency;
			target = 6CC650D61C0DFD8100CD7FCC /* MoodTracker */;
			targetProxy = 6CC650EC1C0DFD8100CD7FCC /* PBXContainerItemProxy */;
		};
		6CC6510B1C0DFDB000CD7FCC /* PBXTargetDependency */ = {
			isa = PBXTargetDependency;
			target = 6CC650FE1C0DFDB000CD7FCC /* CoreMood */;
			targetProxy = 6CC6510A1C0DFDB000CD7FCC /* PBXContainerItemProxy */;
		};
		6CC6510D1C0DFDB000CD7FCC /* PBXTargetDependency */ = {
			isa = PBXTargetDependency;
			target = 6CC650D61C0DFD8100CD7FCC /* MoodTracker */;
			targetProxy = 6CC6510C1C0DFDB000CD7FCC /* PBXContainerItemProxy */;
		};
		6CC651131C0DFDB000CD7FCC /* PBXTargetDependency */ = {
			isa = PBXTargetDependency;
			target = 6CC650FE1C0DFDB000CD7FCC /* CoreMood */;
			targetProxy = 6CC651121C0DFDB000CD7FCC /* PBXContainerItemProxy */;
		};
/* End PBXTargetDependency section */

/* Begin PBXVariantGroup section */
		6CB30E891D12E3DE00D48052 /* MainInterface.storyboard */ = {
			isa = PBXVariantGroup;
			children = (
				6CB30E8A1D12E3DE00D48052 /* Base */,
			);
			name = MainInterface.storyboard;
			sourceTree = "<group>";
		};
		6CC650DE1C0DFD8100CD7FCC /* Main.storyboard */ = {
			isa = PBXVariantGroup;
			children = (
				6CC650DF1C0DFD8100CD7FCC /* Base */,
			);
			name = Main.storyboard;
			sourceTree = "<group>";
		};
		6CC650E31C0DFD8100CD7FCC /* LaunchScreen.storyboard */ = {
			isa = PBXVariantGroup;
			children = (
				6CC650E41C0DFD8100CD7FCC /* Base */,
			);
			name = LaunchScreen.storyboard;
			sourceTree = "<group>";
		};
/* End PBXVariantGroup section */

/* Begin XCBuildConfiguration section */
		6C263E9E1C298ABD00389124 /* Debug */ = {
			isa = XCBuildConfiguration;
			buildSettings = {
				APPLICATION_EXTENSION_API_ONLY = YES;
				CLANG_ENABLE_MODULES = YES;
				CURRENT_PROJECT_VERSION = 1;
				DEFINES_MODULE = YES;
				DYLIB_COMPATIBILITY_VERSION = 1;
				DYLIB_CURRENT_VERSION = 1;
				DYLIB_INSTALL_NAME_BASE = "@rpath";
				INFOPLIST_FILE = Charts/Info.plist;
				INSTALL_PATH = "$(LOCAL_LIBRARY_DIR)/Frameworks";
				IPHONEOS_DEPLOYMENT_TARGET = 8.0;
				LD_RUNPATH_SEARCH_PATHS = "$(inherited) @executable_path/Frameworks @loader_path/Frameworks";
				PRODUCT_BUNDLE_IDENTIFIER = tr.com.Brokoli.Charts;
				PRODUCT_NAME = "$(TARGET_NAME)";
				SKIP_INSTALL = YES;
				SWIFT_OPTIMIZATION_LEVEL = "-Onone";
				SWIFT_VERSION = 3.0;
				VERSIONING_SYSTEM = "apple-generic";
				VERSION_INFO_PREFIX = "";
			};
			name = Debug;
		};
		6C263E9F1C298ABD00389124 /* Release */ = {
			isa = XCBuildConfiguration;
			buildSettings = {
				APPLICATION_EXTENSION_API_ONLY = YES;
				CLANG_ENABLE_MODULES = YES;
				CURRENT_PROJECT_VERSION = 1;
				DEFINES_MODULE = YES;
				DYLIB_COMPATIBILITY_VERSION = 1;
				DYLIB_CURRENT_VERSION = 1;
				DYLIB_INSTALL_NAME_BASE = "@rpath";
				INFOPLIST_FILE = Charts/Info.plist;
				INSTALL_PATH = "$(LOCAL_LIBRARY_DIR)/Frameworks";
				IPHONEOS_DEPLOYMENT_TARGET = 8.0;
				LD_RUNPATH_SEARCH_PATHS = "$(inherited) @executable_path/Frameworks @loader_path/Frameworks";
				PRODUCT_BUNDLE_IDENTIFIER = tr.com.Brokoli.Charts;
				PRODUCT_NAME = "$(TARGET_NAME)";
				SKIP_INSTALL = YES;
				SWIFT_OPTIMIZATION_LEVEL = "-Owholemodule";
				SWIFT_VERSION = 3.0;
				VERSIONING_SYSTEM = "apple-generic";
				VERSION_INFO_PREFIX = "";
			};
			name = Release;
		};
		6CB30E901D12E3DF00D48052 /* Debug */ = {
			isa = XCBuildConfiguration;
			buildSettings = {
				CLANG_ANALYZER_NONNULL = YES;
				CLANG_WARN_DOCUMENTATION_COMMENTS = YES;
				CODE_SIGN_IDENTITY = "iPhone Developer";
				"CODE_SIGN_IDENTITY[sdk=iphoneos*]" = "iPhone Developer";
				INFOPLIST_FILE = Notification/Info.plist;
				IPHONEOS_DEPLOYMENT_TARGET = 10.0;
				LD_RUNPATH_SEARCH_PATHS = "$(inherited) @executable_path/Frameworks @executable_path/../../Frameworks";
				PRODUCT_BUNDLE_IDENTIFIER = tr.com.Brokoli.MoodTrcker.Notification;
				PRODUCT_NAME = "$(TARGET_NAME)";
				SKIP_INSTALL = YES;
				SWIFT_ACTIVE_COMPILATION_CONDITIONS = DEBUG;
				SWIFT_VERSION = 3.0;
			};
			name = Debug;
		};
		6CB30E911D12E3DF00D48052 /* Release */ = {
			isa = XCBuildConfiguration;
			buildSettings = {
				CLANG_ANALYZER_NONNULL = YES;
				CLANG_WARN_DOCUMENTATION_COMMENTS = YES;
				CODE_SIGN_IDENTITY = "iPhone Developer";
				"CODE_SIGN_IDENTITY[sdk=iphoneos*]" = "iPhone Developer";
				INFOPLIST_FILE = Notification/Info.plist;
				IPHONEOS_DEPLOYMENT_TARGET = 10.0;
				LD_RUNPATH_SEARCH_PATHS = "$(inherited) @executable_path/Frameworks @executable_path/../../Frameworks";
				PRODUCT_BUNDLE_IDENTIFIER = tr.com.Brokoli.MoodTrcker.Notification;
				PRODUCT_NAME = "$(TARGET_NAME)";
				SKIP_INSTALL = YES;
				SWIFT_OPTIMIZATION_LEVEL = "-Owholemodule";
				SWIFT_VERSION = 3.0;
			};
			name = Release;
		};
		6CC650F21C0DFD8100CD7FCC /* Debug */ = {
			isa = XCBuildConfiguration;
			buildSettings = {
				ALWAYS_SEARCH_USER_PATHS = NO;
				CLANG_CXX_LANGUAGE_STANDARD = "gnu++0x";
				CLANG_CXX_LIBRARY = "libc++";
				CLANG_ENABLE_MODULES = YES;
				CLANG_ENABLE_OBJC_ARC = YES;
				CLANG_WARN_BOOL_CONVERSION = YES;
				CLANG_WARN_CONSTANT_CONVERSION = YES;
				CLANG_WARN_DIRECT_OBJC_ISA_USAGE = YES_ERROR;
				CLANG_WARN_EMPTY_BODY = YES;
				CLANG_WARN_ENUM_CONVERSION = YES;
				CLANG_WARN_INT_CONVERSION = YES;
				CLANG_WARN_OBJC_ROOT_CLASS = YES_ERROR;
				CLANG_WARN_UNREACHABLE_CODE = YES;
				CLANG_WARN__DUPLICATE_METHOD_MATCH = YES;
				"CODE_SIGN_IDENTITY[sdk=iphoneos*]" = "iPhone Developer";
				COPY_PHASE_STRIP = NO;
				DEBUG_INFORMATION_FORMAT = dwarf;
				ENABLE_STRICT_OBJC_MSGSEND = YES;
				ENABLE_TESTABILITY = YES;
				GCC_C_LANGUAGE_STANDARD = gnu99;
				GCC_DYNAMIC_NO_PIC = NO;
				GCC_NO_COMMON_BLOCKS = YES;
				GCC_OPTIMIZATION_LEVEL = 0;
				GCC_PREPROCESSOR_DEFINITIONS = (
					"DEBUG=1",
					"$(inherited)",
				);
				GCC_WARN_64_TO_32_BIT_CONVERSION = YES;
				GCC_WARN_ABOUT_RETURN_TYPE = YES_ERROR;
				GCC_WARN_UNDECLARED_SELECTOR = YES;
				GCC_WARN_UNINITIALIZED_AUTOS = YES_AGGRESSIVE;
				GCC_WARN_UNUSED_FUNCTION = YES;
				GCC_WARN_UNUSED_VARIABLE = YES;
				IPHONEOS_DEPLOYMENT_TARGET = 9.1;
				MTL_ENABLE_DEBUG_INFO = YES;
				ONLY_ACTIVE_ARCH = YES;
				SDKROOT = iphoneos;
				SWIFT_OPTIMIZATION_LEVEL = "-Onone";
				TARGETED_DEVICE_FAMILY = "1,2";
			};
			name = Debug;
		};
		6CC650F31C0DFD8100CD7FCC /* Release */ = {
			isa = XCBuildConfiguration;
			buildSettings = {
				ALWAYS_SEARCH_USER_PATHS = NO;
				CLANG_CXX_LANGUAGE_STANDARD = "gnu++0x";
				CLANG_CXX_LIBRARY = "libc++";
				CLANG_ENABLE_MODULES = YES;
				CLANG_ENABLE_OBJC_ARC = YES;
				CLANG_WARN_BOOL_CONVERSION = YES;
				CLANG_WARN_CONSTANT_CONVERSION = YES;
				CLANG_WARN_DIRECT_OBJC_ISA_USAGE = YES_ERROR;
				CLANG_WARN_EMPTY_BODY = YES;
				CLANG_WARN_ENUM_CONVERSION = YES;
				CLANG_WARN_INT_CONVERSION = YES;
				CLANG_WARN_OBJC_ROOT_CLASS = YES_ERROR;
				CLANG_WARN_UNREACHABLE_CODE = YES;
				CLANG_WARN__DUPLICATE_METHOD_MATCH = YES;
				"CODE_SIGN_IDENTITY[sdk=iphoneos*]" = "iPhone Developer";
				COPY_PHASE_STRIP = NO;
				DEBUG_INFORMATION_FORMAT = "dwarf-with-dsym";
				ENABLE_NS_ASSERTIONS = NO;
				ENABLE_STRICT_OBJC_MSGSEND = YES;
				GCC_C_LANGUAGE_STANDARD = gnu99;
				GCC_NO_COMMON_BLOCKS = YES;
				GCC_WARN_64_TO_32_BIT_CONVERSION = YES;
				GCC_WARN_ABOUT_RETURN_TYPE = YES_ERROR;
				GCC_WARN_UNDECLARED_SELECTOR = YES;
				GCC_WARN_UNINITIALIZED_AUTOS = YES_AGGRESSIVE;
				GCC_WARN_UNUSED_FUNCTION = YES;
				GCC_WARN_UNUSED_VARIABLE = YES;
				IPHONEOS_DEPLOYMENT_TARGET = 9.1;
				MTL_ENABLE_DEBUG_INFO = NO;
				SDKROOT = iphoneos;
				TARGETED_DEVICE_FAMILY = "1,2";
				VALIDATE_PRODUCT = YES;
			};
			name = Release;
		};
		6CC650F51C0DFD8100CD7FCC /* Debug */ = {
			isa = XCBuildConfiguration;
			buildSettings = {
				ALWAYS_EMBED_SWIFT_STANDARD_LIBRARIES = YES;
				ASSETCATALOG_COMPILER_APPICON_NAME = AppIcon;
				CODE_SIGN_ENTITLEMENTS = MoodTracker/MoodTracker.entitlements;
				CODE_SIGN_IDENTITY = "iPhone Developer";
				"CODE_SIGN_IDENTITY[sdk=iphoneos*]" = "iPhone Developer";
				INFOPLIST_FILE = MoodTracker/Info.plist;
				LD_RUNPATH_SEARCH_PATHS = "$(inherited) @executable_path/Frameworks";
				OTHER_SWIFT_FLAGS = "-DDEBUG";
				PRODUCT_BUNDLE_IDENTIFIER = tr.com.Brokoli.MoodTrcker;
				PRODUCT_NAME = "$(TARGET_NAME)";
				PROVISIONING_PROFILE = "";
				SWIFT_VERSION = 3.0;
			};
			name = Debug;
		};
		6CC650F61C0DFD8100CD7FCC /* Release */ = {
			isa = XCBuildConfiguration;
			buildSettings = {
				ALWAYS_EMBED_SWIFT_STANDARD_LIBRARIES = YES;
				ASSETCATALOG_COMPILER_APPICON_NAME = AppIcon;
				CODE_SIGN_ENTITLEMENTS = MoodTracker/MoodTracker.entitlements;
				CODE_SIGN_IDENTITY = "iPhone Developer";
				"CODE_SIGN_IDENTITY[sdk=iphoneos*]" = "iPhone Developer";
				INFOPLIST_FILE = MoodTracker/Info.plist;
				LD_RUNPATH_SEARCH_PATHS = "$(inherited) @executable_path/Frameworks";
				OTHER_SWIFT_FLAGS = "";
				PRODUCT_BUNDLE_IDENTIFIER = tr.com.Brokoli.MoodTrcker;
				PRODUCT_NAME = "$(TARGET_NAME)";
				PROVISIONING_PROFILE = "";
				SWIFT_OPTIMIZATION_LEVEL = "-Owholemodule";
				SWIFT_VERSION = 3.0;
			};
			name = Release;
		};
		6CC650F81C0DFD8100CD7FCC /* Debug */ = {
			isa = XCBuildConfiguration;
			buildSettings = {
				BUNDLE_LOADER = "$(TEST_HOST)";
				INFOPLIST_FILE = MoodTrackerTests/Info.plist;
				LD_RUNPATH_SEARCH_PATHS = "$(inherited) @executable_path/Frameworks @loader_path/Frameworks";
				PRODUCT_BUNDLE_IDENTIFIER = tr.com.Brokoli.MoodTrackerTests;
				PRODUCT_NAME = "$(TARGET_NAME)";
				SWIFT_VERSION = 3.0;
				TEST_HOST = "$(BUILT_PRODUCTS_DIR)/MoodTracker.app/MoodTracker";
			};
			name = Debug;
		};
		6CC650F91C0DFD8100CD7FCC /* Release */ = {
			isa = XCBuildConfiguration;
			buildSettings = {
				BUNDLE_LOADER = "$(TEST_HOST)";
				INFOPLIST_FILE = MoodTrackerTests/Info.plist;
				LD_RUNPATH_SEARCH_PATHS = "$(inherited) @executable_path/Frameworks @loader_path/Frameworks";
				PRODUCT_BUNDLE_IDENTIFIER = tr.com.Brokoli.MoodTrackerTests;
				PRODUCT_NAME = "$(TARGET_NAME)";
				SWIFT_OPTIMIZATION_LEVEL = "-Owholemodule";
				SWIFT_VERSION = 3.0;
				TEST_HOST = "$(BUILT_PRODUCTS_DIR)/MoodTracker.app/MoodTracker";
			};
			name = Release;
		};
		6CC651171C0DFDB000CD7FCC /* Debug */ = {
			isa = XCBuildConfiguration;
			buildSettings = {
				APPLICATION_EXTENSION_API_ONLY = YES;
				CLANG_ENABLE_MODULES = YES;
				CURRENT_PROJECT_VERSION = 1;
				DEFINES_MODULE = YES;
				DYLIB_COMPATIBILITY_VERSION = 1;
				DYLIB_CURRENT_VERSION = 1;
				DYLIB_INSTALL_NAME_BASE = "@rpath";
				INFOPLIST_FILE = CoreMood/Info.plist;
				INSTALL_PATH = "$(LOCAL_LIBRARY_DIR)/Frameworks";
				IPHONEOS_DEPLOYMENT_TARGET = 8.0;
				LD_RUNPATH_SEARCH_PATHS = "$(inherited) @executable_path/Frameworks @loader_path/Frameworks";
				PRODUCT_BUNDLE_IDENTIFIER = tr.com.Brokoli.CoreMood;
				PRODUCT_NAME = "$(TARGET_NAME)";
				SKIP_INSTALL = YES;
				SWIFT_OPTIMIZATION_LEVEL = "-Onone";
				SWIFT_VERSION = 3.0;
				VERSIONING_SYSTEM = "apple-generic";
				VERSION_INFO_PREFIX = "";
			};
			name = Debug;
		};
		6CC651181C0DFDB000CD7FCC /* Release */ = {
			isa = XCBuildConfiguration;
			buildSettings = {
				APPLICATION_EXTENSION_API_ONLY = YES;
				CLANG_ENABLE_MODULES = YES;
				CURRENT_PROJECT_VERSION = 1;
				DEFINES_MODULE = YES;
				DYLIB_COMPATIBILITY_VERSION = 1;
				DYLIB_CURRENT_VERSION = 1;
				DYLIB_INSTALL_NAME_BASE = "@rpath";
				INFOPLIST_FILE = CoreMood/Info.plist;
				INSTALL_PATH = "$(LOCAL_LIBRARY_DIR)/Frameworks";
				IPHONEOS_DEPLOYMENT_TARGET = 8.0;
				LD_RUNPATH_SEARCH_PATHS = "$(inherited) @executable_path/Frameworks @loader_path/Frameworks";
				PRODUCT_BUNDLE_IDENTIFIER = tr.com.Brokoli.CoreMood;
				PRODUCT_NAME = "$(TARGET_NAME)";
				SKIP_INSTALL = YES;
				SWIFT_OPTIMIZATION_LEVEL = "-Owholemodule";
				SWIFT_VERSION = 3.0;
				VERSIONING_SYSTEM = "apple-generic";
				VERSION_INFO_PREFIX = "";
			};
			name = Release;
		};
		6CC6511B1C0DFDB000CD7FCC /* Debug */ = {
			isa = XCBuildConfiguration;
			buildSettings = {
				INFOPLIST_FILE = CoreMoodTests/Info.plist;
				LD_RUNPATH_SEARCH_PATHS = "$(inherited) @executable_path/Frameworks @loader_path/Frameworks";
				PRODUCT_BUNDLE_IDENTIFIER = tr.com.Brokoli.CoreMoodTests;
				PRODUCT_NAME = "$(TARGET_NAME)";
				SWIFT_VERSION = 3.0;
				TEST_HOST = "$(BUILT_PRODUCTS_DIR)/MoodTracker.app/MoodTracker";
			};
			name = Debug;
		};
		6CC6511C1C0DFDB000CD7FCC /* Release */ = {
			isa = XCBuildConfiguration;
			buildSettings = {
				INFOPLIST_FILE = CoreMoodTests/Info.plist;
				LD_RUNPATH_SEARCH_PATHS = "$(inherited) @executable_path/Frameworks @loader_path/Frameworks";
				PRODUCT_BUNDLE_IDENTIFIER = tr.com.Brokoli.CoreMoodTests;
				PRODUCT_NAME = "$(TARGET_NAME)";
				SWIFT_OPTIMIZATION_LEVEL = "-Owholemodule";
				SWIFT_VERSION = 3.0;
				TEST_HOST = "$(BUILT_PRODUCTS_DIR)/MoodTracker.app/MoodTracker";
			};
			name = Release;
		};
/* End XCBuildConfiguration section */

/* Begin XCConfigurationList section */
		6C263EA01C298ABD00389124 /* Build configuration list for PBXNativeTarget "Charts" */ = {
			isa = XCConfigurationList;
			buildConfigurations = (
				6C263E9E1C298ABD00389124 /* Debug */,
				6C263E9F1C298ABD00389124 /* Release */,
			);
			defaultConfigurationIsVisible = 0;
			defaultConfigurationName = Release;
		};
		6CB30E921D12E3DF00D48052 /* Build configuration list for PBXNativeTarget "Notification" */ = {
			isa = XCConfigurationList;
			buildConfigurations = (
				6CB30E901D12E3DF00D48052 /* Debug */,
				6CB30E911D12E3DF00D48052 /* Release */,
			);
			defaultConfigurationIsVisible = 0;
			defaultConfigurationName = Release;
		};
		6CC650D21C0DFD8000CD7FCC /* Build configuration list for PBXProject "MoodTracker" */ = {
			isa = XCConfigurationList;
			buildConfigurations = (
				6CC650F21C0DFD8100CD7FCC /* Debug */,
				6CC650F31C0DFD8100CD7FCC /* Release */,
			);
			defaultConfigurationIsVisible = 0;
			defaultConfigurationName = Release;
		};
		6CC650F41C0DFD8100CD7FCC /* Build configuration list for PBXNativeTarget "MoodTracker" */ = {
			isa = XCConfigurationList;
			buildConfigurations = (
				6CC650F51C0DFD8100CD7FCC /* Debug */,
				6CC650F61C0DFD8100CD7FCC /* Release */,
			);
			defaultConfigurationIsVisible = 0;
			defaultConfigurationName = Release;
		};
		6CC650F71C0DFD8100CD7FCC /* Build configuration list for PBXNativeTarget "MoodTrackerTests" */ = {
			isa = XCConfigurationList;
			buildConfigurations = (
				6CC650F81C0DFD8100CD7FCC /* Debug */,
				6CC650F91C0DFD8100CD7FCC /* Release */,
			);
			defaultConfigurationIsVisible = 0;
			defaultConfigurationName = Release;
		};
		6CC651161C0DFDB000CD7FCC /* Build configuration list for PBXNativeTarget "CoreMood" */ = {
			isa = XCConfigurationList;
			buildConfigurations = (
				6CC651171C0DFDB000CD7FCC /* Debug */,
				6CC651181C0DFDB000CD7FCC /* Release */,
			);
			defaultConfigurationIsVisible = 0;
			defaultConfigurationName = Release;
		};
		6CC6511A1C0DFDB000CD7FCC /* Build configuration list for PBXNativeTarget "CoreMoodTests" */ = {
			isa = XCConfigurationList;
			buildConfigurations = (
				6CC6511B1C0DFDB000CD7FCC /* Debug */,
				6CC6511C1C0DFDB000CD7FCC /* Release */,
			);
			defaultConfigurationIsVisible = 0;
			defaultConfigurationName = Release;
		};
/* End XCConfigurationList section */
	};
	rootObject = 6CC650CF1C0DFD8000CD7FCC /* Project object */;
}
